
Microsoft Visual Studio Solution File, Format Version 12.00
# Visual Studio 14
VisualStudioVersion = 14.0.24720.0
MinimumVisualStudioVersion = 10.0.40219.1
Project("{FAE04EC0-301F-11D3-BF4B-00C04F79EFBC}") = "CasketStatusWebSite", "CasketStatusWebSite\CasketStatusWebSite.csproj", "{CB8EC0AE-808C-4227-88DF-90CFD462E1F7}"
EndProject
Project("{FAE04EC0-301F-11D3-BF4B-00C04F79EFBC}") = "CasketStatusWebSite.Tests", "CasketStatusWebSite.Tests\CasketStatusWebSite.Tests.csproj", "{9BE3A134-7632-44FB-BECE-DD1A525033F5}"
EndProject
Project("{FAE04EC0-301F-11D3-BF4B-00C04F79EFBC}") = "CasketStatusMobileDeviceEmulator", "CasketStatusMobileDeviceEmulator\CasketStatusMobileDeviceEmulator.csproj", "{9AB5509C-3347-4F0C-8B19-FED89557B834}"
EndProject
Global
	GlobalSection(SolutionConfigurationPlatforms) = preSolution
		Debug|Any CPU = Debug|Any CPU
		Release|Any CPU = Release|Any CPU
	EndGlobalSection
	GlobalSection(ProjectConfigurationPlatforms) = postSolution
		{CB8EC0AE-808C-4227-88DF-90CFD462E1F7}.Debug|Any CPU.ActiveCfg = Debug|Any CPU
		{CB8EC0AE-808C-4227-88DF-90CFD462E1F7}.Debug|Any CPU.Build.0 = Debug|Any CPU
		{CB8EC0AE-808C-4227-88DF-90CFD462E1F7}.Release|Any CPU.ActiveCfg = Release|Any CPU
		{CB8EC0AE-808C-4227-88DF-90CFD462E1F7}.Release|Any CPU.Build.0 = Release|Any CPU
		{9BE3A134-7632-44FB-BECE-DD1A525033F5}.Debug|Any CPU.ActiveCfg = Debug|Any CPU
		{9BE3A134-7632-44FB-BECE-DD1A525033F5}.Debug|Any CPU.Build.0 = Debug|Any CPU
		{9BE3A134-7632-44FB-BECE-DD1A525033F5}.Release|Any CPU.ActiveCfg = Release|Any CPU
		{9BE3A134-7632-44FB-BECE-DD1A525033F5}.Release|Any CPU.Build.0 = Release|Any CPU
		{9AB5509C-3347-4F0C-8B19-FED89557B834}.Debug|Any CPU.ActiveCfg = Debug|Any CPU
		{9AB5509C-3347-4F0C-8B19-FED89557B834}.Debug|Any CPU.Build.0 = Debug|Any CPU
		{9AB5509C-3347-4F0C-8B19-FED89557B834}.Release|Any CPU.ActiveCfg = Release|Any CPU
		{9AB5509C-3347-4F0C-8B19-FED89557B834}.Release|Any CPU.Build.0 = Release|Any CPU
	EndGlobalSection
	GlobalSection(SolutionProperties) = preSolution
		HideSolutionNode = FALSE
	EndGlobalSection
EndGlobal
